
Microsoft Visual Studio Solution File, Format Version 12.00
# Visual Studio Version 17
VisualStudioVersion = 17.6.33829.357
MinimumVisualStudioVersion = 10.0.40219.1
Project("{FAE04EC0-301F-11D3-BF4B-00C04F79EFBC}") = "ConsoleApp1", "ConsoleApp1\ConsoleApp1.csproj", "{DBEEC521-F75E-433E-8F95-B0C761C7A9C9}"
EndProject
Global
	GlobalSection(SolutionConfigurationPlatforms) = preSolution
		Debug|Any CPU = Debug|Any CPU
		Release|Any CPU = Release|Any CPU
	EndGlobalSection
	GlobalSection(ProjectConfigurationPlatforms) = postSolution
		{DBEEC521-F75E-433E-8F95-B0C761C7A9C9}.Debug|Any CPU.ActiveCfg = Debug|Any CPU
		{DBEEC521-F75E-433E-8F95-B0C761C7A9C9}.Debug|Any CPU.Build.0 = Debug|Any CPU
		{DBEEC521-F75E-433E-8F95-B0C761C7A9C9}.Release|Any CPU.ActiveCfg = Release|Any CPU
		{DBEEC521-F75E-433E-8F95-B0C761C7A9C9}.Release|Any CPU.Build.0 = Release|Any CPU
	EndGlobalSection
	GlobalSection(SolutionProperties) = preSolution
		HideSolutionNode = FALSE
	EndGlobalSection
	GlobalSection(ExtensibilityGlobals) = postSolution
		SolutionGuid = {0E55BD17-BF72-4CD7-AEEA-4B856441E548}
	EndGlobalSection
EndGlobal
